// !$*UTF8*$!
{
	archiveVersion = 1;
	classes = {
	};
	objectVersion = 46;
	objects = {

/* Begin PBXBuildFile section */
		200CD46F23173FB5003377C0 /* WebKit.framework in Frameworks */ = {isa = PBXBuildFile; fileRef = 200CD46E23173FB5003377C0 /* WebKit.framework */; };
		2062F0541CDA56BE00E1017E /* AppDelegate.swift in Sources */ = {isa = PBXBuildFile; fileRef = 2062F0531CDA56BE00E1017E /* AppDelegate.swift */; };
		2062F0561CDA56BE00E1017E /* SearchFirmTableViewController.swift in Sources */ = {isa = PBXBuildFile; fileRef = 2062F0551CDA56BE00E1017E /* SearchFirmTableViewController.swift */; };
		2062F05B1CDA56BE00E1017E /* Main.storyboard in Resources */ = {isa = PBXBuildFile; fileRef = 2062F0591CDA56BE00E1017E /* Main.storyboard */; };
		2062F05D1CDA56BE00E1017E /* Assets.xcassets in Resources */ = {isa = PBXBuildFile; fileRef = 2062F05C1CDA56BE00E1017E /* Assets.xcassets */; };
		2062F0601CDA56BE00E1017E /* LaunchScreen.storyboard in Resources */ = {isa = PBXBuildFile; fileRef = 2062F05E1CDA56BE00E1017E /* LaunchScreen.storyboard */; };
		2062F0691CDA89CF00E1017E /* Company.swift in Sources */ = {isa = PBXBuildFile; fileRef = 2062F0681CDA89CF00E1017E /* Company.swift */; };
		2062F06B1CDC254000E1017E /* FirmDetailsTableViewController.swift in Sources */ = {isa = PBXBuildFile; fileRef = 2062F06A1CDC254000E1017E /* FirmDetailsTableViewController.swift */; };
		207947CF1CED1BCF00E28170 /* JSONUtil.swift in Sources */ = {isa = PBXBuildFile; fileRef = 207947CE1CED1BCF00E28170 /* JSONUtil.swift */; };
		208570522119EA820072F8C9 /* CompaniesViewedHistory.swift in Sources */ = {isa = PBXBuildFile; fileRef = 208570512119EA820072F8C9 /* CompaniesViewedHistory.swift */; };
		20857057211B31A40072F8C9 /* Localizable.strings in Resources */ = {isa = PBXBuildFile; fileRef = 20857059211B31A40072F8C9 /* Localizable.strings */; };
		20DEA1A11CDD878600BAF592 /* WebViewController.swift in Sources */ = {isa = PBXBuildFile; fileRef = 20DEA1A01CDD878600BAF592 /* WebViewController.swift */; };
		20DEA1A51CDEA91C00BAF592 /* CompanyUtil.swift in Sources */ = {isa = PBXBuildFile; fileRef = 20DEA1A41CDEA91C00BAF592 /* CompanyUtil.swift */; };
/* End PBXBuildFile section */

/* Begin PBXFileReference section */
		200CD46E23173FB5003377C0 /* WebKit.framework */ = {isa = PBXFileReference; lastKnownFileType = wrapper.framework; name = WebKit.framework; path = System/Library/Frameworks/WebKit.framework; sourceTree = SDKROOT; };
		2062F0501CDA56BE00E1017E /* Firmadetaljer.app */ = {isa = PBXFileReference; explicitFileType = wrapper.application; includeInIndex = 0; path = Firmadetaljer.app; sourceTree = BUILT_PRODUCTS_DIR; };
		2062F0531CDA56BE00E1017E /* AppDelegate.swift */ = {isa = PBXFileReference; lastKnownFileType = sourcecode.swift; path = AppDelegate.swift; sourceTree = "<group>"; };
		2062F0551CDA56BE00E1017E /* SearchFirmTableViewController.swift */ = {isa = PBXFileReference; lastKnownFileType = sourcecode.swift; path = SearchFirmTableViewController.swift; sourceTree = "<group>"; };
		2062F05A1CDA56BE00E1017E /* Base */ = {isa = PBXFileReference; lastKnownFileType = file.storyboard; name = Base; path = Base.lproj/Main.storyboard; sourceTree = "<group>"; };
		2062F05C1CDA56BE00E1017E /* Assets.xcassets */ = {isa = PBXFileReference; lastKnownFileType = folder.assetcatalog; path = Assets.xcassets; sourceTree = "<group>"; };
		2062F05F1CDA56BE00E1017E /* Base */ = {isa = PBXFileReference; lastKnownFileType = file.storyboard; name = Base; path = Base.lproj/LaunchScreen.storyboard; sourceTree = "<group>"; };
		2062F0611CDA56BE00E1017E /* Info.plist */ = {isa = PBXFileReference; lastKnownFileType = text.plist.xml; path = Info.plist; sourceTree = "<group>"; };
		2062F0681CDA89CF00E1017E /* Company.swift */ = {isa = PBXFileReference; fileEncoding = 4; lastKnownFileType = sourcecode.swift; path = Company.swift; sourceTree = "<group>"; };
		2062F06A1CDC254000E1017E /* FirmDetailsTableViewController.swift */ = {isa = PBXFileReference; fileEncoding = 4; lastKnownFileType = sourcecode.swift; path = FirmDetailsTableViewController.swift; sourceTree = "<group>"; };
		207947CE1CED1BCF00E28170 /* JSONUtil.swift */ = {isa = PBXFileReference; fileEncoding = 4; lastKnownFileType = sourcecode.swift; path = JSONUtil.swift; sourceTree = "<group>"; };
		208570512119EA820072F8C9 /* CompaniesViewedHistory.swift */ = {isa = PBXFileReference; lastKnownFileType = sourcecode.swift; path = CompaniesViewedHistory.swift; sourceTree = "<group>"; };
		20857053211B2D1E0072F8C9 /* nb */ = {isa = PBXFileReference; lastKnownFileType = text.plist.strings; name = nb; path = nb.lproj/Main.strings; sourceTree = "<group>"; };
		20857054211B2D1E0072F8C9 /* nb */ = {isa = PBXFileReference; lastKnownFileType = text.plist.strings; name = nb; path = nb.lproj/LaunchScreen.strings; sourceTree = "<group>"; };
		20857058211B31A40072F8C9 /* nb */ = {isa = PBXFileReference; lastKnownFileType = text.plist.strings; name = nb; path = nb.lproj/Localizable.strings; sourceTree = "<group>"; };
		2085705A211B31AA0072F8C9 /* en */ = {isa = PBXFileReference; lastKnownFileType = text.plist.strings; name = en; path = en.lproj/Localizable.strings; sourceTree = "<group>"; };
		20DEA1A01CDD878600BAF592 /* WebViewController.swift */ = {isa = PBXFileReference; fileEncoding = 4; lastKnownFileType = sourcecode.swift; path = WebViewController.swift; sourceTree = "<group>"; };
		20DEA1A41CDEA91C00BAF592 /* CompanyUtil.swift */ = {isa = PBXFileReference; fileEncoding = 4; lastKnownFileType = sourcecode.swift; path = CompanyUtil.swift; sourceTree = "<group>"; };
/* End PBXFileReference section */

/* Begin PBXFrameworksBuildPhase section */
		2062F04D1CDA56BE00E1017E /* Frameworks */ = {
			isa = PBXFrameworksBuildPhase;
			buildActionMask = 2147483647;
			files = (
				200CD46F23173FB5003377C0 /* WebKit.framework in Frameworks */,
			);
			runOnlyForDeploymentPostprocessing = 0;
		};
/* End PBXFrameworksBuildPhase section */

/* Begin PBXGroup section */
		200CD46D23173FB5003377C0 /* Frameworks */ = {
			isa = PBXGroup;
			children = (
				200CD46E23173FB5003377C0 /* WebKit.framework */,
			);
			name = Frameworks;
			sourceTree = "<group>";
		};
		2062F0471CDA56BE00E1017E = {
			isa = PBXGroup;
			children = (
				2062F0521CDA56BE00E1017E /* Firmadetaljer */,
				2062F0511CDA56BE00E1017E /* Products */,
				200CD46D23173FB5003377C0 /* Frameworks */,
			);
			sourceTree = "<group>";
		};
		2062F0511CDA56BE00E1017E /* Products */ = {
			isa = PBXGroup;
			children = (
				2062F0501CDA56BE00E1017E /* Firmadetaljer.app */,
			);
			name = Products;
			sourceTree = "<group>";
		};
		2062F0521CDA56BE00E1017E /* Firmadetaljer */ = {
			isa = PBXGroup;
			children = (
				20DEA1A61CDEACE500BAF592 /* Model */,
				20DEA1A71CDEACED00BAF592 /* View */,
				20DEA1A81CDEACF400BAF592 /* Controller */,
				2062F0671CDA575700E1017E /* Supporting files */,
			);
			path = Firmadetaljer;
			sourceTree = "<group>";
		};
		2062F0671CDA575700E1017E /* Supporting files */ = {
			isa = PBXGroup;
			children = (
				2062F0531CDA56BE00E1017E /* AppDelegate.swift */,
				2062F05C1CDA56BE00E1017E /* Assets.xcassets */,
				2062F05E1CDA56BE00E1017E /* LaunchScreen.storyboard */,
				2062F0611CDA56BE00E1017E /* Info.plist */,
				20857059211B31A40072F8C9 /* Localizable.strings */,
			);
			name = "Supporting files";
			sourceTree = "<group>";
		};
		20DEA1A61CDEACE500BAF592 /* Model */ = {
			isa = PBXGroup;
			children = (
				2062F0681CDA89CF00E1017E /* Company.swift */,
				20DEA1A41CDEA91C00BAF592 /* CompanyUtil.swift */,
				208570512119EA820072F8C9 /* CompaniesViewedHistory.swift */,
			);
			name = Model;
			sourceTree = "<group>";
		};
		20DEA1A71CDEACED00BAF592 /* View */ = {
			isa = PBXGroup;
			children = (
				2062F0591CDA56BE00E1017E /* Main.storyboard */,
			);
			name = View;
			sourceTree = "<group>";
		};
		20DEA1A81CDEACF400BAF592 /* Controller */ = {
			isa = PBXGroup;
			children = (
				2062F0551CDA56BE00E1017E /* SearchFirmTableViewController.swift */,
				2062F06A1CDC254000E1017E /* FirmDetailsTableViewController.swift */,
				20DEA1A01CDD878600BAF592 /* WebViewController.swift */,
				207947CE1CED1BCF00E28170 /* JSONUtil.swift */,
			);
			name = Controller;
			sourceTree = "<group>";
		};
/* End PBXGroup section */

/* Begin PBXNativeTarget section */
		2062F04F1CDA56BE00E1017E /* Firmadetaljer */ = {
			isa = PBXNativeTarget;
			buildConfigurationList = 2062F0641CDA56BE00E1017E /* Build configuration list for PBXNativeTarget "Firmadetaljer" */;
			buildPhases = (
				2062F04C1CDA56BE00E1017E /* Sources */,
				2062F04D1CDA56BE00E1017E /* Frameworks */,
				2062F04E1CDA56BE00E1017E /* Resources */,
			);
			buildRules = (
			);
			dependencies = (
			);
			name = Firmadetaljer;
			productName = BedriftsInfo;
			productReference = 2062F0501CDA56BE00E1017E /* Firmadetaljer.app */;
			productType = "com.apple.product-type.application";
		};
/* End PBXNativeTarget section */

/* Begin PBXProject section */
		2062F0481CDA56BE00E1017E /* Project object */ = {
			isa = PBXProject;
			attributes = {
				LastSwiftUpdateCheck = 0730;
				LastUpgradeCheck = 0940;
				ORGANIZATIONNAME = "Fredrik Eilertsen";
				TargetAttributes = {
					2062F04F1CDA56BE00E1017E = {
						CreatedOnToolsVersion = 7.3;
						DevelopmentTeam = Z65ZXSA84U;
						LastSwiftMigration = 1030;
					};
				};
			};
			buildConfigurationList = 2062F04B1CDA56BE00E1017E /* Build configuration list for PBXProject "Firmadetaljer" */;
			compatibilityVersion = "Xcode 3.2";
			developmentRegion = en;
			hasScannedForEncodings = 0;
			knownRegions = (
				en,
				Base,
				nb,
			);
			mainGroup = 2062F0471CDA56BE00E1017E;
			productRefGroup = 2062F0511CDA56BE00E1017E /* Products */;
			projectDirPath = "";
			projectRoot = "";
			targets = (
				2062F04F1CDA56BE00E1017E /* Firmadetaljer */,
			);
		};
/* End PBXProject section */

/* Begin PBXResourcesBuildPhase section */
		2062F04E1CDA56BE00E1017E /* Resources */ = {
			isa = PBXResourcesBuildPhase;
			buildActionMask = 2147483647;
			files = (
				2062F0601CDA56BE00E1017E /* LaunchScreen.storyboard in Resources */,
				20857057211B31A40072F8C9 /* Localizable.strings in Resources */,
				2062F05D1CDA56BE00E1017E /* Assets.xcassets in Resources */,
				2062F05B1CDA56BE00E1017E /* Main.storyboard in Resources */,
			);
			runOnlyForDeploymentPostprocessing = 0;
		};
/* End PBXResourcesBuildPhase section */

/* Begin PBXSourcesBuildPhase section */
		2062F04C1CDA56BE00E1017E /* Sources */ = {
			isa = PBXSourcesBuildPhase;
			buildActionMask = 2147483647;
			files = (
				2062F0561CDA56BE00E1017E /* SearchFirmTableViewController.swift in Sources */,
				2062F0541CDA56BE00E1017E /* AppDelegate.swift in Sources */,
				2062F06B1CDC254000E1017E /* FirmDetailsTableViewController.swift in Sources */,
				20DEA1A11CDD878600BAF592 /* WebViewController.swift in Sources */,
				20DEA1A51CDEA91C00BAF592 /* CompanyUtil.swift in Sources */,
				2062F0691CDA89CF00E1017E /* Company.swift in Sources */,
				208570522119EA820072F8C9 /* CompaniesViewedHistory.swift in Sources */,
				207947CF1CED1BCF00E28170 /* JSONUtil.swift in Sources */,
			);
			runOnlyForDeploymentPostprocessing = 0;
		};
/* End PBXSourcesBuildPhase section */

/* Begin PBXVariantGroup section */
		2062F0591CDA56BE00E1017E /* Main.storyboard */ = {
			isa = PBXVariantGroup;
			children = (
				2062F05A1CDA56BE00E1017E /* Base */,
				20857053211B2D1E0072F8C9 /* nb */,
			);
			name = Main.storyboard;
			sourceTree = "<group>";
		};
		2062F05E1CDA56BE00E1017E /* LaunchScreen.storyboard */ = {
			isa = PBXVariantGroup;
			children = (
				2062F05F1CDA56BE00E1017E /* Base */,
				20857054211B2D1E0072F8C9 /* nb */,
			);
			name = LaunchScreen.storyboard;
			sourceTree = "<group>";
		};
		20857059211B31A40072F8C9 /* Localizable.strings */ = {
			isa = PBXVariantGroup;
			children = (
				20857058211B31A40072F8C9 /* nb */,
				2085705A211B31AA0072F8C9 /* en */,
			);
			name = Localizable.strings;
			sourceTree = "<group>";
		};
/* End PBXVariantGroup section */

/* Begin XCBuildConfiguration section */
		2062F0621CDA56BE00E1017E /* Debug */ = {
			isa = XCBuildConfiguration;
			buildSettings = {
				ALWAYS_SEARCH_USER_PATHS = NO;
				CLANG_ANALYZER_LOCALIZABILITY_NONLOCALIZED = YES;
				CLANG_ANALYZER_NONNULL = YES;
				CLANG_CXX_LANGUAGE_STANDARD = "gnu++0x";
				CLANG_CXX_LIBRARY = "libc++";
				CLANG_ENABLE_MODULES = YES;
				CLANG_ENABLE_OBJC_ARC = YES;
				CLANG_WARN_BLOCK_CAPTURE_AUTORELEASING = YES;
				CLANG_WARN_BOOL_CONVERSION = YES;
				CLANG_WARN_COMMA = YES;
				CLANG_WARN_CONSTANT_CONVERSION = YES;
				CLANG_WARN_DEPRECATED_OBJC_IMPLEMENTATIONS = YES;
				CLANG_WARN_DIRECT_OBJC_ISA_USAGE = YES_ERROR;
				CLANG_WARN_EMPTY_BODY = YES;
				CLANG_WARN_ENUM_CONVERSION = YES;
				CLANG_WARN_INFINITE_RECURSION = YES;
				CLANG_WARN_INT_CONVERSION = YES;
				CLANG_WARN_NON_LITERAL_NULL_CONVERSION = YES;
				CLANG_WARN_OBJC_IMPLICIT_RETAIN_SELF = YES;
				CLANG_WARN_OBJC_LITERAL_CONVERSION = YES;
				CLANG_WARN_OBJC_ROOT_CLASS = YES_ERROR;
				CLANG_WARN_RANGE_LOOP_ANALYSIS = YES;
				CLANG_WARN_STRICT_PROTOTYPES = YES;
				CLANG_WARN_SUSPICIOUS_MOVE = YES;
				CLANG_WARN_UNREACHABLE_CODE = YES;
				CLANG_WARN__DUPLICATE_METHOD_MATCH = YES;
				"CODE_SIGN_IDENTITY[sdk=iphoneos*]" = "iPhone Developer";
				COPY_PHASE_STRIP = NO;
				DEBUG_INFORMATION_FORMAT = dwarf;
				ENABLE_STRICT_OBJC_MSGSEND = YES;
				ENABLE_TESTABILITY = YES;
				GCC_C_LANGUAGE_STANDARD = gnu99;
				GCC_DYNAMIC_NO_PIC = NO;
				GCC_NO_COMMON_BLOCKS = YES;
				GCC_OPTIMIZATION_LEVEL = 0;
				GCC_PREPROCESSOR_DEFINITIONS = (
					"DEBUG=1",
					"$(inherited)",
				);
				GCC_WARN_64_TO_32_BIT_CONVERSION = YES;
				GCC_WARN_ABOUT_RETURN_TYPE = YES_ERROR;
				GCC_WARN_UNDECLARED_SELECTOR = YES;
				GCC_WARN_UNINITIALIZED_AUTOS = YES_AGGRESSIVE;
				GCC_WARN_UNUSED_FUNCTION = YES;
				GCC_WARN_UNUSED_VARIABLE = YES;
				IPHONEOS_DEPLOYMENT_TARGET = 9.3;
				MTL_ENABLE_DEBUG_INFO = YES;
				ONLY_ACTIVE_ARCH = YES;
				SDKROOT = iphoneos;
				SWIFT_OPTIMIZATION_LEVEL = "-Onone";
				TARGETED_DEVICE_FAMILY = "1,2";
			};
			name = Debug;
		};
		2062F0631CDA56BE00E1017E /* Release */ = {
			isa = XCBuildConfiguration;
			buildSettings = {
				ALWAYS_SEARCH_USER_PATHS = NO;
				CLANG_ANALYZER_LOCALIZABILITY_NONLOCALIZED = YES;
				CLANG_ANALYZER_NONNULL = YES;
				CLANG_CXX_LANGUAGE_STANDARD = "gnu++0x";
				CLANG_CXX_LIBRARY = "libc++";
				CLANG_ENABLE_MODULES = YES;
				CLANG_ENABLE_OBJC_ARC = YES;
				CLANG_WARN_BLOCK_CAPTURE_AUTORELEASING = YES;
				CLANG_WARN_BOOL_CONVERSION = YES;
				CLANG_WARN_COMMA = YES;
				CLANG_WARN_CONSTANT_CONVERSION = YES;
				CLANG_WARN_DEPRECATED_OBJC_IMPLEMENTATIONS = YES;
				CLANG_WARN_DIRECT_OBJC_ISA_USAGE = YES_ERROR;
				CLANG_WARN_EMPTY_BODY = YES;
				CLANG_WARN_ENUM_CONVERSION = YES;
				CLANG_WARN_INFINITE_RECURSION = YES;
				CLANG_WARN_INT_CONVERSION = YES;
				CLANG_WARN_NON_LITERAL_NULL_CONVERSION = YES;
				CLANG_WARN_OBJC_IMPLICIT_RETAIN_SELF = YES;
				CLANG_WARN_OBJC_LITERAL_CONVERSION = YES;
				CLANG_WARN_OBJC_ROOT_CLASS = YES_ERROR;
				CLANG_WARN_RANGE_LOOP_ANALYSIS = YES;
				CLANG_WARN_STRICT_PROTOTYPES = YES;
				CLANG_WARN_SUSPICIOUS_MOVE = YES;
				CLANG_WARN_UNREACHABLE_CODE = YES;
				CLANG_WARN__DUPLICATE_METHOD_MATCH = YES;
				"CODE_SIGN_IDENTITY[sdk=iphoneos*]" = "iPhone Developer";
				COPY_PHASE_STRIP = NO;
				DEBUG_INFORMATION_FORMAT = "dwarf-with-dsym";
				ENABLE_NS_ASSERTIONS = NO;
				ENABLE_STRICT_OBJC_MSGSEND = YES;
				GCC_C_LANGUAGE_STANDARD = gnu99;
				GCC_NO_COMMON_BLOCKS = YES;
				GCC_WARN_64_TO_32_BIT_CONVERSION = YES;
				GCC_WARN_ABOUT_RETURN_TYPE = YES_ERROR;
				GCC_WARN_UNDECLARED_SELECTOR = YES;
				GCC_WARN_UNINITIALIZED_AUTOS = YES_AGGRESSIVE;
				GCC_WARN_UNUSED_FUNCTION = YES;
				GCC_WARN_UNUSED_VARIABLE = YES;
				IPHONEOS_DEPLOYMENT_TARGET = 9.3;
				MTL_ENABLE_DEBUG_INFO = NO;
				SDKROOT = iphoneos;
				SWIFT_COMPILATION_MODE = wholemodule;
				TARGETED_DEVICE_FAMILY = "1,2";
				VALIDATE_PRODUCT = YES;
			};
			name = Release;
		};
		2062F0651CDA56BE00E1017E /* Debug */ = {
			isa = XCBuildConfiguration;
			buildSettings = {
				ASSETCATALOG_COMPILER_APPICON_NAME = AppIcon;
				DEVELOPMENT_TEAM = Z65ZXSA84U;
				INFOPLIST_FILE = Firmadetaljer/Info.plist;
				IPHONEOS_DEPLOYMENT_TARGET = 11.0;
				LD_RUNPATH_SEARCH_PATHS = "$(inherited) @executable_path/Frameworks";
				PRODUCT_BUNDLE_IDENTIFIER = Fredrik.Firmadetaljer;
				PRODUCT_NAME = "$(TARGET_NAME)";
				SWIFT_VERSION = 5.0;
			};
			name = Debug;
		};
		2062F0661CDA56BE00E1017E /* Release */ = {
			isa = XCBuildConfiguration;
			buildSettings = {
				ASSETCATALOG_COMPILER_APPICON_NAME = AppIcon;
				DEVELOPMENT_TEAM = Z65ZXSA84U;
				INFOPLIST_FILE = Firmadetaljer/Info.plist;
				IPHONEOS_DEPLOYMENT_TARGET = 11.0;
				LD_RUNPATH_SEARCH_PATHS = "$(inherited) @executable_path/Frameworks";
				PRODUCT_BUNDLE_IDENTIFIER = Fredrik.Firmadetaljer;
				PRODUCT_NAME = "$(TARGET_NAME)";
				SWIFT_VERSION = 5.0;
			};
			name = Release;
		};
/* End XCBuildConfiguration section */

/* Begin XCConfigurationList section */
		2062F04B1CDA56BE00E1017E /* Build configuration list for PBXProject "Firmadetaljer" */ = {
			isa = XCConfigurationList;
			buildConfigurations = (
				2062F0621CDA56BE00E1017E /* Debug */,
				2062F0631CDA56BE00E1017E /* Release */,
			);
			defaultConfigurationIsVisible = 0;
			defaultConfigurationName = Release;
		};
		2062F0641CDA56BE00E1017E /* Build configuration list for PBXNativeTarget "Firmadetaljer" */ = {
			isa = XCConfigurationList;
			buildConfigurations = (
				2062F0651CDA56BE00E1017E /* Debug */,
				2062F0661CDA56BE00E1017E /* Release */,
			);
			defaultConfigurationIsVisible = 0;
			defaultConfigurationName = Release;
		};
/* End XCConfigurationList section */
	};
	rootObject = 2062F0481CDA56BE00E1017E /* Project object */;
}
